
Microsoft Visual Studio Solution File, Format Version 12.00
# Visual Studio Version 16
VisualStudioVersion = 16.0.31424.327
MinimumVisualStudioVersion = 10.0.40219.1
Project("{FAE04EC0-301F-11D3-BF4B-00C04F79EFBC}") = "exercice tableau", "exercice tableau\exercice tableau.csproj", "{05E63067-79BA-4BC1-A153-7BEED08974F4}"
EndProject
Global
	GlobalSection(SolutionConfigurationPlatforms) = preSolution
		Debug|Any CPU = Debug|Any CPU
		Release|Any CPU = Release|Any CPU
	EndGlobalSection
	GlobalSection(ProjectConfigurationPlatforms) = postSolution
		{05E63067-79BA-4BC1-A153-7BEED08974F4}.Debug|Any CPU.ActiveCfg = Debug|Any CPU
		{05E63067-79BA-4BC1-A153-7BEED08974F4}.Debug|Any CPU.Build.0 = Debug|Any CPU
		{05E63067-79BA-4BC1-A153-7BEED08974F4}.Release|Any CPU.ActiveCfg = Release|Any CPU
		{05E63067-79BA-4BC1-A153-7BEED08974F4}.Release|Any CPU.Build.0 = Release|Any CPU
	EndGlobalSection
	GlobalSection(SolutionProperties) = preSolution
		HideSolutionNode = FALSE
	EndGlobalSection
	GlobalSection(ExtensibilityGlobals) = postSolution
		SolutionGuid = {425E5470-A732-4EF2-8904-BE96F2E23049}
	EndGlobalSection
EndGlobal
