
Microsoft Visual Studio Solution File, Format Version 12.00
# Visual Studio Version 16
VisualStudioVersion = 16.0.31424.327
MinimumVisualStudioVersion = 10.0.40219.1
Project("{FAE04EC0-301F-11D3-BF4B-00C04F79EFBC}") = "liste", "liste\liste.csproj", "{28A4D7D9-F393-4977-8927-D86DA52F5057}"
EndProject
Global
	GlobalSection(SolutionConfigurationPlatforms) = preSolution
		Debug|Any CPU = Debug|Any CPU
		Release|Any CPU = Release|Any CPU
	EndGlobalSection
	GlobalSection(ProjectConfigurationPlatforms) = postSolution
		{28A4D7D9-F393-4977-8927-D86DA52F5057}.Debug|Any CPU.ActiveCfg = Debug|Any CPU
		{28A4D7D9-F393-4977-8927-D86DA52F5057}.Debug|Any CPU.Build.0 = Debug|Any CPU
		{28A4D7D9-F393-4977-8927-D86DA52F5057}.Release|Any CPU.ActiveCfg = Release|Any CPU
		{28A4D7D9-F393-4977-8927-D86DA52F5057}.Release|Any CPU.Build.0 = Release|Any CPU
	EndGlobalSection
	GlobalSection(SolutionProperties) = preSolution
		HideSolutionNode = FALSE
	EndGlobalSection
	GlobalSection(ExtensibilityGlobals) = postSolution
		SolutionGuid = {716E4C91-F67E-4348-A8C3-023DCC4DBEE4}
	EndGlobalSection
EndGlobal
