
Microsoft Visual Studio Solution File, Format Version 12.00
# Visual Studio Version 16
VisualStudioVersion = 16.0.31424.327
MinimumVisualStudioVersion = 10.0.40219.1
Project("{FAE04EC0-301F-11D3-BF4B-00C04F79EFBC}") = "Exercice tableau 2", "Exercice tableau 2\Exercice tableau 2.csproj", "{FCA9BAE6-65B1-4377-9922-627AB853D2C5}"
EndProject
Global
	GlobalSection(SolutionConfigurationPlatforms) = preSolution
		Debug|Any CPU = Debug|Any CPU
		Release|Any CPU = Release|Any CPU
	EndGlobalSection
	GlobalSection(ProjectConfigurationPlatforms) = postSolution
		{FCA9BAE6-65B1-4377-9922-627AB853D2C5}.Debug|Any CPU.ActiveCfg = Debug|Any CPU
		{FCA9BAE6-65B1-4377-9922-627AB853D2C5}.Debug|Any CPU.Build.0 = Debug|Any CPU
		{FCA9BAE6-65B1-4377-9922-627AB853D2C5}.Release|Any CPU.ActiveCfg = Release|Any CPU
		{FCA9BAE6-65B1-4377-9922-627AB853D2C5}.Release|Any CPU.Build.0 = Release|Any CPU
	EndGlobalSection
	GlobalSection(SolutionProperties) = preSolution
		HideSolutionNode = FALSE
	EndGlobalSection
	GlobalSection(ExtensibilityGlobals) = postSolution
		SolutionGuid = {CEE5BDDB-CB6A-4536-9E4E-E1480A9BB28D}
	EndGlobalSection
EndGlobal
